
Microsoft Visual Studio Solution File, Format Version 12.00
# Visual Studio Version 17
VisualStudioVersion = 17.13.35828.75 d17.13
MinimumVisualStudioVersion = 10.0.40219.1
Project("{FAE04EC0-301F-11D3-BF4B-00C04F79EFBC}") = "WebApplication9", "WebApplication9\WebApplication9.csproj", "{6B91FAE3-D7BD-4FC8-ACC1-6DFA618B2B38}"
EndProject
Global
	GlobalSection(SolutionConfigurationPlatforms) = preSolution
		Debug|Any CPU = Debug|Any CPU
		Release|Any CPU = Release|Any CPU
	EndGlobalSection
	GlobalSection(ProjectConfigurationPlatforms) = postSolution
		{6B91FAE3-D7BD-4FC8-ACC1-6DFA618B2B38}.Debug|Any CPU.ActiveCfg = Debug|Any CPU
		{6B91FAE3-D7BD-4FC8-ACC1-6DFA618B2B38}.Debug|Any CPU.Build.0 = Debug|Any CPU
		{6B91FAE3-D7BD-4FC8-ACC1-6DFA618B2B38}.Release|Any CPU.ActiveCfg = Release|Any CPU
		{6B91FAE3-D7BD-4FC8-ACC1-6DFA618B2B38}.Release|Any CPU.Build.0 = Release|Any CPU
	EndGlobalSection
	GlobalSection(SolutionProperties) = preSolution
		HideSolutionNode = FALSE
	EndGlobalSection
	GlobalSection(ExtensibilityGlobals) = postSolution
		SolutionGuid = {1782A914-4BA2-4A8E-B8D7-5C401FF136BF}
	EndGlobalSection
EndGlobal
